
Microsoft Visual Studio Solution File, Format Version 12.00
# Visual Studio 14
VisualStudioVersion = 14.0.25420.1
MinimumVisualStudioVersion = 10.0.40219.1
Project("{FAE04EC0-301F-11D3-BF4B-00C04F79EFBC}") = "MvcMovie", "MvcMovie\MvcMovie.csproj", "{BF57BD06-FAA1-448C-A6A9-505290E48AE9}"
EndProject
Project("{FAE04EC0-301F-11D3-BF4B-00C04F79EFBC}") = "MvcMovie.Tests", "MvcMovie.Tests\MvcMovie.Tests.csproj", "{E282523D-BEE6-4D3F-A527-3A53069E7094}"
EndProject
Global
	GlobalSection(SolutionConfigurationPlatforms) = preSolution
		Debug|Any CPU = Debug|Any CPU
		Release|Any CPU = Release|Any CPU
	EndGlobalSection
	GlobalSection(ProjectConfigurationPlatforms) = postSolution
		{BF57BD06-FAA1-448C-A6A9-505290E48AE9}.Debug|Any CPU.ActiveCfg = Debug|Any CPU
		{BF57BD06-FAA1-448C-A6A9-505290E48AE9}.Debug|Any CPU.Build.0 = Debug|Any CPU
		{BF57BD06-FAA1-448C-A6A9-505290E48AE9}.Release|Any CPU.ActiveCfg = Release|Any CPU
		{BF57BD06-FAA1-448C-A6A9-505290E48AE9}.Release|Any CPU.Build.0 = Release|Any CPU
		{E282523D-BEE6-4D3F-A527-3A53069E7094}.Debug|Any CPU.ActiveCfg = Debug|Any CPU
		{E282523D-BEE6-4D3F-A527-3A53069E7094}.Debug|Any CPU.Build.0 = Debug|Any CPU
		{E282523D-BEE6-4D3F-A527-3A53069E7094}.Release|Any CPU.ActiveCfg = Release|Any CPU
		{E282523D-BEE6-4D3F-A527-3A53069E7094}.Release|Any CPU.Build.0 = Release|Any CPU
	EndGlobalSection
	GlobalSection(SolutionProperties) = preSolution
		HideSolutionNode = FALSE
	EndGlobalSection
EndGlobal
